PODS:
  - Alamofire (5.2.2)
  - ESTabBarController-swift (2.8.0)
  - KeyboardAvoidingView (5.0.1):
    - ViewState (>= 1.0.0)
  - Moya (14.0.0):
    - Moya/Core (= 14.0.0)
  - Moya/Core (14.0.0):
    - Alamofire (~> 5.0)
  - NVActivityIndicatorView (5.0.1):
    - NVActivityIndicatorView/Base (= 5.0.1)
  - NVActivityIndicatorView/Base (5.0.1)
  - ReachabilitySwift (4.3.0)
  - SCLAlertView (0.8)
  - ViewState (1.0.0)

DEPENDENCIES:
  - ESTabBarController-swift
  - KeyboardAvoidingView (~> 5.0)
  - Moya
  - NVActivityIndicatorView
  - ReachabilitySwift (= 4.3.0)
  - SCLAlertView

SPEC REPOS:
  trunk:
    - Alamofire
    - ESTabBarController-swift
    - KeyboardAvoidingView
    - Moya
    - NVActivityIndicatorView
    - ReachabilitySwift
    - SCLAlertView
    - ViewState

SPEC CHECKSUMS:
  Alamofire: 814429acc853c6c54ff123fc3d2ef66803823ce0
  ESTabBarController-swift: 05593a6ad64700b03c0eb60ff625916370aa4136
  KeyboardAvoidingView: ef26d0d7e55ae412e9ef6e02ba84e7540af0ce4e
  Moya: 5b45dacb75adb009f97fde91c204c1e565d31916
  NVActivityIndicatorView: 738e843cb8924e9e4fc3e559d0728031624bf860
  ReachabilitySwift: 408477d1b6ed9779dba301953171e017c31241f3
  SCLAlertView: 6a77bb2edfc65e04dbe57725546cb4107a506b85
  ViewState: 78aa77483e74e592c22e841619b853bc686843be

PODFILE CHECKSUM: dae570f8eda4cd9abf043d34a0bfbc0eeb59c351

COCOAPODS: 1.8.4
