// !$*UTF8*$!
{
	archiveVersion = 1;
	classes = {
	};
	objectVersion = 51;
	objects = {

/* Begin PBXBuildFile section */
		58C8683D18AFE2C78687BE9E /* Pods_ECardTests.framework in Frameworks */ = {isa = PBXBuildFile; fileRef = 39A41784077192172988F740 /* Pods_ECardTests.framework */; };
		68E04A1424586CF516D6F39E /* Pods_ECard.framework in Frameworks */ = {isa = PBXBuildFile; fileRef = 1E5F61D8A4B6E8328CD0B7CF /* Pods_ECard.framework */; };
		E2925DDCF0815CAD057E0EBE /* Pods_ECard_ECardUITests.framework in Frameworks */ = {isa = PBXBuildFile; fileRef = FC25BEA6C2F129DD33097F87 /* Pods_ECard_ECardUITests.framework */; };
		FA33EC742502935C0056329B /* AppDelegate.swift in Sources */ = {isa = PBXBuildFile; fileRef = FA33EC732502935C0056329B /* AppDelegate.swift */; };
		FA33EC762502935C0056329B /* SceneDelegate.swift in Sources */ = {isa = PBXBuildFile; fileRef = FA33EC752502935C0056329B /* SceneDelegate.swift */; };
		FA33EC782502935C0056329B /* ViewController.swift in Sources */ = {isa = PBXBuildFile; fileRef = FA33EC772502935C0056329B /* ViewController.swift */; };
		FA33EC7B2502935C0056329B /* Main.storyboard in Resources */ = {isa = PBXBuildFile; fileRef = FA33EC792502935C0056329B /* Main.storyboard */; };
		FA33EC7D2502935F0056329B /* Assets.xcassets in Resources */ = {isa = PBXBuildFile; fileRef = FA33EC7C2502935F0056329B /* Assets.xcassets */; };
		FA33EC802502935F0056329B /* LaunchScreen.storyboard in Resources */ = {isa = PBXBuildFile; fileRef = FA33EC7E2502935F0056329B /* LaunchScreen.storyboard */; };
		FA33EC8B250293600056329B /* ECardTests.swift in Sources */ = {isa = PBXBuildFile; fileRef = FA33EC8A250293600056329B /* ECardTests.swift */; };
		FA33EC96250293600056329B /* ECardUITests.swift in Sources */ = {isa = PBXBuildFile; fileRef = FA33EC95250293600056329B /* ECardUITests.swift */; };
		FA33ECA5250295FC0056329B /* LoginViewController.swift in Sources */ = {isa = PBXBuildFile; fileRef = FA33ECA4250295FC0056329B /* LoginViewController.swift */; };
		FA33ECAA250299A00056329B /* UserDefault.swift in Sources */ = {isa = PBXBuildFile; fileRef = FA33ECA7250299A00056329B /* UserDefault.swift */; };
		FA33ECAB250299A00056329B /* Environment.swift in Sources */ = {isa = PBXBuildFile; fileRef = FA33ECA8250299A00056329B /* Environment.swift */; };
		FA33ECAC250299A00056329B /* KeychainManager.swift in Sources */ = {isa = PBXBuildFile; fileRef = FA33ECA9250299A00056329B /* KeychainManager.swift */; };
		FA33ECAF250299DC0056329B /* ReachabilityManager.swift in Sources */ = {isa = PBXBuildFile; fileRef = FA33ECAD250299DB0056329B /* ReachabilityManager.swift */; };
		FA33ECB0250299DC0056329B /* DataManager.swift in Sources */ = {isa = PBXBuildFile; fileRef = FA33ECAE250299DC0056329B /* DataManager.swift */; };
		FA33ECBD2502A0C60056329B /* PaymentApi.swift in Sources */ = {isa = PBXBuildFile; fileRef = FA33ECBC2502A0C60056329B /* PaymentApi.swift */; };
		FA33ECC02502A0EA0056329B /* RegisterViewController.swift in Sources */ = {isa = PBXBuildFile; fileRef = FA33ECBF2502A0EA0056329B /* RegisterViewController.swift */; };
		FA33ECC5250325480056329B /* UIStoryboard+Extension.swift in Sources */ = {isa = PBXBuildFile; fileRef = FA33ECC4250325470056329B /* UIStoryboard+Extension.swift */; };
		FABA43B025356CB900C74891 /* ScannerViewController.swift in Sources */ = {isa = PBXBuildFile; fileRef = FABA43AF25356CB900C74891 /* ScannerViewController.swift */; };
		FAC63983253754320048DC3F /* PaymentConfirmViewController.swift in Sources */ = {isa = PBXBuildFile; fileRef = FAC63982253754320048DC3F /* PaymentConfirmViewController.swift */; };
		FADD2C132538A9EF006E1A3F /* CreatedOrder.swift in Sources */ = {isa = PBXBuildFile; fileRef = FADD2C122538A9EF006E1A3F /* CreatedOrder.swift */; };
		FADD2C152538AEC3006E1A3F /* OrderStatus.swift in Sources */ = {isa = PBXBuildFile; fileRef = FADD2C142538AEC3006E1A3F /* OrderStatus.swift */; };
		FADD2C172538B0F0006E1A3F /* ViewController+Extension.swift in Sources */ = {isa = PBXBuildFile; fileRef = FADD2C162538B0F0006E1A3F /* ViewController+Extension.swift */; };
		FAF1B00F2534BFB900239300 /* ECardError.swift in Sources */ = {isa = PBXBuildFile; fileRef = FAF1B00E2534BFB900239300 /* ECardError.swift */; };
		FAF1B0112534C01200239300 /* Tokens.swift in Sources */ = {isa = PBXBuildFile; fileRef = FAF1B0102534C01200239300 /* Tokens.swift */; };
		FAF1B0132534C04600239300 /* AppConstants.swift in Sources */ = {isa = PBXBuildFile; fileRef = FAF1B0122534C04600239300 /* AppConstants.swift */; };
		FAF1B0152534C07E00239300 /* Credentials.swift in Sources */ = {isa = PBXBuildFile; fileRef = FAF1B0142534C07E00239300 /* Credentials.swift */; };
		FAF1B0182534CBD800239300 /* HistoryViewController.swift in Sources */ = {isa = PBXBuildFile; fileRef = FAF1B0172534CBD800239300 /* HistoryViewController.swift */; };
		FAF1B01B2534CC8000239300 /* HistoryCellView.swift in Sources */ = {isa = PBXBuildFile; fileRef = FAF1B01A2534CC8000239300 /* HistoryCellView.swift */; };
		FAF1B01E2534CFE100239300 /* PaymentItem.swift in Sources */ = {isa = PBXBuildFile; fileRef = FAF1B01D2534CFE100239300 /* PaymentItem.swift */; };
/* End PBXBuildFile section */

/* Begin PBXContainerItemProxy section */
		FA33EC87250293600056329B /* PBXContainerItemProxy */ = {
			isa = PBXContainerItemProxy;
			containerPortal = FA33EC682502935C0056329B /* Project object */;
			proxyType = 1;
			remoteGlobalIDString = FA33EC6F2502935C0056329B;
			remoteInfo = ECard;
		};
		FA33EC92250293600056329B /* PBXContainerItemProxy */ = {
			isa = PBXContainerItemProxy;
			containerPortal = FA33EC682502935C0056329B /* Project object */;
			proxyType = 1;
			remoteGlobalIDString = FA33EC6F2502935C0056329B;
			remoteInfo = ECard;
		};
/* End PBXContainerItemProxy section */

/* Begin PBXFileReference section */
		1E5F61D8A4B6E8328CD0B7CF /* Pods_ECard.framework */ = {isa = PBXFileReference; explicitFileType = wrapper.framework; includeInIndex = 0; path = Pods_ECard.framework; sourceTree = BUILT_PRODUCTS_DIR; };
		39A41784077192172988F740 /* Pods_ECardTests.framework */ = {isa = PBXFileReference; explicitFileType = wrapper.framework; includeInIndex = 0; path = Pods_ECardTests.framework; sourceTree = BUILT_PRODUCTS_DIR; };
		79CA025688ECFA9C7D006BB5 /* Pods-ECard-ECardUITests.release.xcconfig */ = {isa = PBXFileReference; includeInIndex = 1; lastKnownFileType = text.xcconfig; name = "Pods-ECard-ECardUITests.release.xcconfig"; path = "Target Support Files/Pods-ECard-ECardUITests/Pods-ECard-ECardUITests.release.xcconfig"; sourceTree = "<group>"; };
		87FC2465E9F5F411ADA3024B /* Pods-ECard.debug.xcconfig */ = {isa = PBXFileReference; includeInIndex = 1; lastKnownFileType = text.xcconfig; name = "Pods-ECard.debug.xcconfig"; path = "Target Support Files/Pods-ECard/Pods-ECard.debug.xcconfig"; sourceTree = "<group>"; };
		A7C83E5D7220B2B3E699BAA0 /* Pods-ECard.release.xcconfig */ = {isa = PBXFileReference; includeInIndex = 1; lastKnownFileType = text.xcconfig; name = "Pods-ECard.release.xcconfig"; path = "Target Support Files/Pods-ECard/Pods-ECard.release.xcconfig"; sourceTree = "<group>"; };
		B597DBD8718AF0AA29AE9663 /* Pods-ECard-ECardUITests.debug.xcconfig */ = {isa = PBXFileReference; includeInIndex = 1; lastKnownFileType = text.xcconfig; name = "Pods-ECard-ECardUITests.debug.xcconfig"; path = "Target Support Files/Pods-ECard-ECardUITests/Pods-ECard-ECardUITests.debug.xcconfig"; sourceTree = "<group>"; };
		B9C80DB5CE63F995696B1205 /* Pods-ECardTests.debug.xcconfig */ = {isa = PBXFileReference; includeInIndex = 1; lastKnownFileType = text.xcconfig; name = "Pods-ECardTests.debug.xcconfig"; path = "Target Support Files/Pods-ECardTests/Pods-ECardTests.debug.xcconfig"; sourceTree = "<group>"; };
		BE96AF2CEDFA04DBBEF72E7C /* Pods-ECardTests.release.xcconfig */ = {isa = PBXFileReference; includeInIndex = 1; lastKnownFileType = text.xcconfig; name = "Pods-ECardTests.release.xcconfig"; path = "Target Support Files/Pods-ECardTests/Pods-ECardTests.release.xcconfig"; sourceTree = "<group>"; };
		FA33EC702502935C0056329B /* ECard.app */ = {isa = PBXFileReference; explicitFileType = wrapper.application; includeInIndex = 0; path = ECard.app; sourceTree = BUILT_PRODUCTS_DIR; };
		FA33EC732502935C0056329B /* AppDelegate.swift */ = {isa = PBXFileReference; lastKnownFileType = sourcecode.swift; path = AppDelegate.swift; sourceTree = "<group>"; };
		FA33EC752502935C0056329B /* SceneDelegate.swift */ = {isa = PBXFileReference; lastKnownFileType = sourcecode.swift; path = SceneDelegate.swift; sourceTree = "<group>"; };
		FA33EC772502935C0056329B /* ViewController.swift */ = {isa = PBXFileReference; lastKnownFileType = sourcecode.swift; path = ViewController.swift; sourceTree = "<group>"; };
		FA33EC7A2502935C0056329B /* Base */ = {isa = PBXFileReference; lastKnownFileType = file.storyboard; name = Base; path = Base.lproj/Main.storyboard; sourceTree = "<group>"; };
		FA33EC7C2502935F0056329B /* Assets.xcassets */ = {isa = PBXFileReference; lastKnownFileType = folder.assetcatalog; path = Assets.xcassets; sourceTree = "<group>"; };
		FA33EC7F2502935F0056329B /* Base */ = {isa = PBXFileReference; lastKnownFileType = file.storyboard; name = Base; path = Base.lproj/LaunchScreen.storyboard; sourceTree = "<group>"; };
		FA33EC812502935F0056329B /* Info.plist */ = {isa = PBXFileReference; lastKnownFileType = text.plist.xml; path = Info.plist; sourceTree = "<group>"; };
		FA33EC86250293600056329B /* ECardTests.xctest */ = {isa = PBXFileReference; explicitFileType = wrapper.cfbundle; includeInIndex = 0; path = ECardTests.xctest; sourceTree = BUILT_PRODUCTS_DIR; };
		FA33EC8A250293600056329B /* ECardTests.swift */ = {isa = PBXFileReference; lastKnownFileType = sourcecode.swift; path = ECardTests.swift; sourceTree = "<group>"; };
		FA33EC8C250293600056329B /* Info.plist */ = {isa = PBXFileReference; lastKnownFileType = text.plist.xml; path = Info.plist; sourceTree = "<group>"; };
		FA33EC91250293600056329B /* ECardUITests.xctest */ = {isa = PBXFileReference; explicitFileType = wrapper.cfbundle; includeInIndex = 0; path = ECardUITests.xctest; sourceTree = BUILT_PRODUCTS_DIR; };
		FA33EC95250293600056329B /* ECardUITests.swift */ = {isa = PBXFileReference; lastKnownFileType = sourcecode.swift; path = ECardUITests.swift; sourceTree = "<group>"; };
		FA33EC97250293600056329B /* Info.plist */ = {isa = PBXFileReference; lastKnownFileType = text.plist.xml; path = Info.plist; sourceTree = "<group>"; };
		FA33ECA4250295FC0056329B /* LoginViewController.swift */ = {isa = PBXFileReference; lastKnownFileType = sourcecode.swift; path = LoginViewController.swift; sourceTree = "<group>"; };
		FA33ECA7250299A00056329B /* UserDefault.swift */ = {isa = PBXFileReference; fileEncoding = 4; lastKnownFileType = sourcecode.swift; name = UserDefault.swift; path = ../../../../Amarefork/AmareLifeiOS.linh.nguyen/AmareLife/Managers/UserDefault.swift; sourceTree = "<group>"; };
		FA33ECA8250299A00056329B /* Environment.swift */ = {isa = PBXFileReference; fileEncoding = 4; lastKnownFileType = sourcecode.swift; name = Environment.swift; path = ../../../../Amarefork/AmareLifeiOS.linh.nguyen/AmareLife/Managers/Environment.swift; sourceTree = "<group>"; };
		FA33ECA9250299A00056329B /* KeychainManager.swift */ = {isa = PBXFileReference; fileEncoding = 4; lastKnownFileType = sourcecode.swift; name = KeychainManager.swift; path = ../../../../Amarefork/AmareLifeiOS.linh.nguyen/AmareLife/Managers/KeychainManager.swift; sourceTree = "<group>"; };
		FA33ECAD250299DB0056329B /* ReachabilityManager.swift */ = {isa = PBXFileReference; fileEncoding = 4; lastKnownFileType = sourcecode.swift; name = ReachabilityManager.swift; path = ../../../../Amarefork/AmareLifeiOS.linh.nguyen/AmareLife/Managers/Network/ReachabilityManager.swift; sourceTree = "<group>"; };
		FA33ECAE250299DC0056329B /* DataManager.swift */ = {isa = PBXFileReference; fileEncoding = 4; lastKnownFileType = sourcecode.swift; name = DataManager.swift; path = ../../../../Amarefork/AmareLifeiOS.linh.nguyen/AmareLife/Managers/Network/DataManager.swift; sourceTree = "<group>"; };
		FA33ECBC2502A0C60056329B /* PaymentApi.swift */ = {isa = PBXFileReference; lastKnownFileType = sourcecode.swift; path = PaymentApi.swift; sourceTree = "<group>"; };
		FA33ECBF2502A0EA0056329B /* RegisterViewController.swift */ = {isa = PBXFileReference; lastKnownFileType = sourcecode.swift; path = RegisterViewController.swift; sourceTree = "<group>"; };
		FA33ECC4250325470056329B /* UIStoryboard+Extension.swift */ = {isa = PBXFileReference; fileEncoding = 4; lastKnownFileType = sourcecode.swift; path = "UIStoryboard+Extension.swift"; sourceTree = "<group>"; };
		FABA43AF25356CB900C74891 /* ScannerViewController.swift */ = {isa = PBXFileReference; lastKnownFileType = sourcecode.swift; path = ScannerViewController.swift; sourceTree = "<group>"; };
		FAC63982253754320048DC3F /* PaymentConfirmViewController.swift */ = {isa = PBXFileReference; lastKnownFileType = sourcecode.swift; path = PaymentConfirmViewController.swift; sourceTree = "<group>"; };
		FADD2C122538A9EF006E1A3F /* CreatedOrder.swift */ = {isa = PBXFileReference; lastKnownFileType = sourcecode.swift; path = CreatedOrder.swift; sourceTree = "<group>"; };
		FADD2C142538AEC3006E1A3F /* OrderStatus.swift */ = {isa = PBXFileReference; lastKnownFileType = sourcecode.swift; path = OrderStatus.swift; sourceTree = "<group>"; };
		FADD2C162538B0F0006E1A3F /* ViewController+Extension.swift */ = {isa = PBXFileReference; lastKnownFileType = sourcecode.swift; path = "ViewController+Extension.swift"; sourceTree = "<group>"; };
		FAF1B00E2534BFB900239300 /* ECardError.swift */ = {isa = PBXFileReference; fileEncoding = 4; lastKnownFileType = sourcecode.swift; path = ECardError.swift; sourceTree = "<group>"; };
		FAF1B0102534C01200239300 /* Tokens.swift */ = {isa = PBXFileReference; fileEncoding = 4; lastKnownFileType = sourcecode.swift; path = Tokens.swift; sourceTree = "<group>"; };
		FAF1B0122534C04600239300 /* AppConstants.swift */ = {isa = PBXFileReference; fileEncoding = 4; lastKnownFileType = sourcecode.swift; path = AppConstants.swift; sourceTree = "<group>"; };
		FAF1B0142534C07E00239300 /* Credentials.swift */ = {isa = PBXFileReference; fileEncoding = 4; lastKnownFileType = sourcecode.swift; path = Credentials.swift; sourceTree = "<group>"; };
		FAF1B0172534CBD800239300 /* HistoryViewController.swift */ = {isa = PBXFileReference; lastKnownFileType = sourcecode.swift; path = HistoryViewController.swift; sourceTree = "<group>"; };
		FAF1B01A2534CC8000239300 /* HistoryCellView.swift */ = {isa = PBXFileReference; lastKnownFileType = sourcecode.swift; path = HistoryCellView.swift; sourceTree = "<group>"; };
		FAF1B01D2534CFE100239300 /* PaymentItem.swift */ = {isa = PBXFileReference; lastKnownFileType = sourcecode.swift; path = PaymentItem.swift; sourceTree = "<group>"; };
		FC25BEA6C2F129DD33097F87 /* Pods_ECard_ECardUITests.framework */ = {isa = PBXFileReference; explicitFileType = wrapper.framework; includeInIndex = 0; path = Pods_ECard_ECardUITests.framework; sourceTree = BUILT_PRODUCTS_DIR; };
/* End PBXFileReference section */

/* Begin PBXFrameworksBuildPhase section */
		FA33EC6D2502935C0056329B /* Frameworks */ = {
			isa = PBXFrameworksBuildPhase;
			buildActionMask = 2147483647;
			files = (
				68E04A1424586CF516D6F39E /* Pods_ECard.framework in Frameworks */,
			);
			runOnlyForDeploymentPostprocessing = 0;
		};
		FA33EC83250293600056329B /* Frameworks */ = {
			isa = PBXFrameworksBuildPhase;
			buildActionMask = 2147483647;
			files = (
				58C8683D18AFE2C78687BE9E /* Pods_ECardTests.framework in Frameworks */,
			);
			runOnlyForDeploymentPostprocessing = 0;
		};
		FA33EC8E250293600056329B /* Frameworks */ = {
			isa = PBXFrameworksBuildPhase;
			buildActionMask = 2147483647;
			files = (
				E2925DDCF0815CAD057E0EBE /* Pods_ECard_ECardUITests.framework in Frameworks */,
			);
			runOnlyForDeploymentPostprocessing = 0;
		};
/* End PBXFrameworksBuildPhase section */

/* Begin PBXGroup section */
		403E61279FFA2820B9FED82D /* Frameworks */ = {
			isa = PBXGroup;
			children = (
				1E5F61D8A4B6E8328CD0B7CF /* Pods_ECard.framework */,
				FC25BEA6C2F129DD33097F87 /* Pods_ECard_ECardUITests.framework */,
				39A41784077192172988F740 /* Pods_ECardTests.framework */,
			);
			name = Frameworks;
			sourceTree = "<group>";
		};
		9CD39B4A1526A8271AAD466B /* Pods */ = {
			isa = PBXGroup;
			children = (
				87FC2465E9F5F411ADA3024B /* Pods-ECard.debug.xcconfig */,
				A7C83E5D7220B2B3E699BAA0 /* Pods-ECard.release.xcconfig */,
				B597DBD8718AF0AA29AE9663 /* Pods-ECard-ECardUITests.debug.xcconfig */,
				79CA025688ECFA9C7D006BB5 /* Pods-ECard-ECardUITests.release.xcconfig */,
				B9C80DB5CE63F995696B1205 /* Pods-ECardTests.debug.xcconfig */,
				BE96AF2CEDFA04DBBEF72E7C /* Pods-ECardTests.release.xcconfig */,
			);
			path = Pods;
			sourceTree = "<group>";
		};
		FA33EC672502935C0056329B = {
			isa = PBXGroup;
			children = (
				FA33EC722502935C0056329B /* ECard */,
				FA33EC89250293600056329B /* ECardTests */,
				FA33EC94250293600056329B /* ECardUITests */,
				FA33EC712502935C0056329B /* Products */,
				9CD39B4A1526A8271AAD466B /* Pods */,
				403E61279FFA2820B9FED82D /* Frameworks */,
			);
			sourceTree = "<group>";
		};
		FA33EC712502935C0056329B /* Products */ = {
			isa = PBXGroup;
			children = (
				FA33EC702502935C0056329B /* ECard.app */,
				FA33EC86250293600056329B /* ECardTests.xctest */,
				FA33EC91250293600056329B /* ECardUITests.xctest */,
			);
			name = Products;
			sourceTree = "<group>";
		};
		FA33EC722502935C0056329B /* ECard */ = {
			isa = PBXGroup;
			children = (
				FA33ECC12503233E0056329B /* Extension */,
				FA33ECBE2502A0D10056329B /* ViewControllers */,
				FA33ECBB2502A0B80056329B /* API */,
				FA33ECB425029E9D0056329B /* Models */,
				FA33ECB125029E520056329B /* Constants */,
				FA33ECA6250299730056329B /* Manager */,
				FA33EC732502935C0056329B /* AppDelegate.swift */,
				FA33EC752502935C0056329B /* SceneDelegate.swift */,
				FA33EC772502935C0056329B /* ViewController.swift */,
				FA33EC792502935C0056329B /* Main.storyboard */,
				FA33EC7C2502935F0056329B /* Assets.xcassets */,
				FA33EC7E2502935F0056329B /* LaunchScreen.storyboard */,
				FA33EC812502935F0056329B /* Info.plist */,
			);
			path = ECard;
			sourceTree = "<group>";
		};
		FA33EC89250293600056329B /* ECardTests */ = {
			isa = PBXGroup;
			children = (
				FA33EC8A250293600056329B /* ECardTests.swift */,
				FA33EC8C250293600056329B /* Info.plist */,
			);
			path = ECardTests;
			sourceTree = "<group>";
		};
		FA33EC94250293600056329B /* ECardUITests */ = {
			isa = PBXGroup;
			children = (
				FA33EC95250293600056329B /* ECardUITests.swift */,
				FA33EC97250293600056329B /* Info.plist */,
			);
			path = ECardUITests;
			sourceTree = "<group>";
		};
		FA33ECA3250295EA0056329B /* Account */ = {
			isa = PBXGroup;
			children = (
				FA33ECA4250295FC0056329B /* LoginViewController.swift */,
				FA33ECBF2502A0EA0056329B /* RegisterViewController.swift */,
			);
			path = Account;
			sourceTree = "<group>";
		};
		FA33ECA6250299730056329B /* Manager */ = {
			isa = PBXGroup;
			children = (
				FA33ECAE250299DC0056329B /* DataManager.swift */,
				FA33ECAD250299DB0056329B /* ReachabilityManager.swift */,
				FA33ECA8250299A00056329B /* Environment.swift */,
				FA33ECA9250299A00056329B /* KeychainManager.swift */,
				FA33ECA7250299A00056329B /* UserDefault.swift */,
			);
			path = Manager;
			sourceTree = "<group>";
		};
		FA33ECB125029E520056329B /* Constants */ = {
			isa = PBXGroup;
			children = (
				FAF1B0122534C04600239300 /* AppConstants.swift */,
			);
			path = Constants;
			sourceTree = "<group>";
		};
		FA33ECB425029E9D0056329B /* Models */ = {
			isa = PBXGroup;
			children = (
				FAF1B01C2534CFC600239300 /* Payment */,
				FAF1B0142534C07E00239300 /* Credentials.swift */,
				FAF1B0102534C01200239300 /* Tokens.swift */,
				FAF1B00E2534BFB900239300 /* ECardError.swift */,
			);
			path = Models;
			sourceTree = "<group>";
		};
		FA33ECBB2502A0B80056329B /* API */ = {
			isa = PBXGroup;
			children = (
				FA33ECBC2502A0C60056329B /* PaymentApi.swift */,
			);
			path = API;
			sourceTree = "<group>";
		};
		FA33ECBE2502A0D10056329B /* ViewControllers */ = {
			isa = PBXGroup;
			children = (
				FAF1B0162534CBC000239300 /* Payment */,
				FA33ECA3250295EA0056329B /* Account */,
			);
			path = ViewControllers;
			sourceTree = "<group>";
		};
		FA33ECC12503233E0056329B /* Extension */ = {
			isa = PBXGroup;
			children = (
				FA33ECC4250325470056329B /* UIStoryboard+Extension.swift */,
				FADD2C162538B0F0006E1A3F /* ViewController+Extension.swift */,
			);
			path = Extension;
			sourceTree = "<group>";
		};
		FABA43AE25356C9F00C74891 /* AddPayment */ = {
			isa = PBXGroup;
			children = (
				FABA43AF25356CB900C74891 /* ScannerViewController.swift */,
				FAC63982253754320048DC3F /* PaymentConfirmViewController.swift */,
			);
			path = AddPayment;
			sourceTree = "<group>";
		};
		FAF1B0162534CBC000239300 /* Payment */ = {
			isa = PBXGroup;
			children = (
				FABA43AE25356C9F00C74891 /* AddPayment */,
				FAF1B0192534CC6900239300 /* CellView */,
				FAF1B0172534CBD800239300 /* HistoryViewController.swift */,
			);
			path = Payment;
			sourceTree = "<group>";
		};
		FAF1B0192534CC6900239300 /* CellView */ = {
			isa = PBXGroup;
			children = (
				FAF1B01A2534CC8000239300 /* HistoryCellView.swift */,
			);
			path = CellView;
			sourceTree = "<group>";
		};
		FAF1B01C2534CFC600239300 /* Payment */ = {
			isa = PBXGroup;
			children = (
				FAF1B01D2534CFE100239300 /* PaymentItem.swift */,
				FADD2C122538A9EF006E1A3F /* CreatedOrder.swift */,
				FADD2C142538AEC3006E1A3F /* OrderStatus.swift */,
			);
			path = Payment;
			sourceTree = "<group>";
		};
/* End PBXGroup section */

/* Begin PBXNativeTarget section */
		FA33EC6F2502935C0056329B /* ECard */ = {
			isa = PBXNativeTarget;
			buildConfigurationList = FA33EC9A250293600056329B /* Build configuration list for PBXNativeTarget "ECard" */;
			buildPhases = (
				526C15CC8FC793E690C7B3F2 /* [CP] Check Pods Manifest.lock */,
				FA33EC6C2502935C0056329B /* Sources */,
				FA33EC6D2502935C0056329B /* Frameworks */,
				FA33EC6E2502935C0056329B /* Resources */,
				EE47AFD37E5B7DE33D07893C /* [CP] Embed Pods Frameworks */,
			);
			buildRules = (
			);
			dependencies = (
			);
			name = ECard;
			productName = ECard;
			productReference = FA33EC702502935C0056329B /* ECard.app */;
			productType = "com.apple.product-type.application";
		};
		FA33EC85250293600056329B /* ECardTests */ = {
			isa = PBXNativeTarget;
			buildConfigurationList = FA33EC9D250293600056329B /* Build configuration list for PBXNativeTarget "ECardTests" */;
			buildPhases = (
				74A7346BE0AF93E78F8AE0B8 /* [CP] Check Pods Manifest.lock */,
				FA33EC82250293600056329B /* Sources */,
				FA33EC83250293600056329B /* Frameworks */,
				FA33EC84250293600056329B /* Resources */,
			);
			buildRules = (
			);
			dependencies = (
				FA33EC88250293600056329B /* PBXTargetDependency */,
			);
			name = ECardTests;
			productName = ECardTests;
			productReference = FA33EC86250293600056329B /* ECardTests.xctest */;
			productType = "com.apple.product-type.bundle.unit-test";
		};
		FA33EC90250293600056329B /* ECardUITests */ = {
			isa = PBXNativeTarget;
			buildConfigurationList = FA33ECA0250293600056329B /* Build configuration list for PBXNativeTarget "ECardUITests" */;
			buildPhases = (
				2D3E3456C192539841B25605 /* [CP] Check Pods Manifest.lock */,
				FA33EC8D250293600056329B /* Sources */,
				FA33EC8E250293600056329B /* Frameworks */,
				FA33EC8F250293600056329B /* Resources */,
				F0BE53B533888770A58472B1 /* [CP] Embed Pods Frameworks */,
			);
			buildRules = (
			);
			dependencies = (
				FA33EC93250293600056329B /* PBXTargetDependency */,
			);
			name = ECardUITests;
			productName = ECardUITests;
			productReference = FA33EC91250293600056329B /* ECardUITests.xctest */;
			productType = "com.apple.product-type.bundle.ui-testing";
		};
/* End PBXNativeTarget section */

/* Begin PBXProject section */
		FA33EC682502935C0056329B /* Project object */ = {
			isa = PBXProject;
			attributes = {
				LastSwiftUpdateCheck = 1150;
				LastUpgradeCheck = 1150;
				ORGANIZATIONNAME = LinhNguyen;
				TargetAttributes = {
					FA33EC6F2502935C0056329B = {
						CreatedOnToolsVersion = 11.5;
					};
					FA33EC85250293600056329B = {
						CreatedOnToolsVersion = 11.5;
						TestTargetID = FA33EC6F2502935C0056329B;
					};
					FA33EC90250293600056329B = {
						CreatedOnToolsVersion = 11.5;
						TestTargetID = FA33EC6F2502935C0056329B;
					};
				};
			};
			buildConfigurationList = FA33EC6B2502935C0056329B /* Build configuration list for PBXProject "ECard" */;
			compatibilityVersion = "Xcode 9.3";
			developmentRegion = en;
			hasScannedForEncodings = 0;
			knownRegions = (
				en,
				Base,
			);
			mainGroup = FA33EC672502935C0056329B;
			productRefGroup = FA33EC712502935C0056329B /* Products */;
			projectDirPath = "";
			projectRoot = "";
			targets = (
				FA33EC6F2502935C0056329B /* ECard */,
				FA33EC85250293600056329B /* ECardTests */,
				FA33EC90250293600056329B /* ECardUITests */,
			);
		};
/* End PBXProject section */

/* Begin PBXResourcesBuildPhase section */
		FA33EC6E2502935C0056329B /* Resources */ = {
			isa = PBXResourcesBuildPhase;
			buildActionMask = 2147483647;
			files = (
				FA33EC802502935F0056329B /* LaunchScreen.storyboard in Resources */,
				FA33EC7D2502935F0056329B /* Assets.xcassets in Resources */,
				FA33EC7B2502935C0056329B /* Main.storyboard in Resources */,
			);
			runOnlyForDeploymentPostprocessing = 0;
		};
		FA33EC84250293600056329B /* Resources */ = {
			isa = PBXResourcesBuildPhase;
			buildActionMask = 2147483647;
			files = (
			);
			runOnlyForDeploymentPostprocessing = 0;
		};
		FA33EC8F250293600056329B /* Resources */ = {
			isa = PBXResourcesBuildPhase;
			buildActionMask = 2147483647;
			files = (
			);
			runOnlyForDeploymentPostprocessing = 0;
		};
/* End PBXResourcesBuildPhase section */

/* Begin PBXShellScriptBuildPhase section */
		2D3E3456C192539841B25605 /* [CP] Check Pods Manifest.lock */ = {
			isa = PBXShellScriptBuildPhase;
			buildActionMask = 2147483647;
			files = (
			);
			inputFileListPaths = (
			);
			inputPaths = (
				"${PODS_PODFILE_DIR_PATH}/Podfile.lock",
				"${PODS_ROOT}/Manifest.lock",
			);
			name = "[CP] Check Pods Manifest.lock";
			outputFileListPaths = (
			);
			outputPaths = (
				"$(DERIVED_FILE_DIR)/Pods-ECard-ECardUITests-checkManifestLockResult.txt",
			);
			runOnlyForDeploymentPostprocessing = 0;
			shellPath = /bin/sh;
			shellScript = "diff \"${PODS_PODFILE_DIR_PATH}/Podfile.lock\" \"${PODS_ROOT}/Manifest.lock\" > /dev/null\nif [ $? != 0 ] ; then\n    # print error to STDERR\n    echo \"error: The sandbox is not in sync with the Podfile.lock. Run 'pod install' or update your CocoaPods installation.\" >&2\n    exit 1\nfi\n# This output is used by Xcode 'outputs' to avoid re-running this script phase.\necho \"SUCCESS\" > \"${SCRIPT_OUTPUT_FILE_0}\"\n";
			showEnvVarsInLog = 0;
		};
		526C15CC8FC793E690C7B3F2 /* [CP] Check Pods Manifest.lock */ = {
			isa = PBXShellScriptBuildPhase;
			buildActionMask = 2147483647;
			files = (
			);
			inputFileListPaths = (
			);
			inputPaths = (
				"${PODS_PODFILE_DIR_PATH}/Podfile.lock",
				"${PODS_ROOT}/Manifest.lock",
			);
			name = "[CP] Check Pods Manifest.lock";
			outputFileListPaths = (
			);
			outputPaths = (
				"$(DERIVED_FILE_DIR)/Pods-ECard-checkManifestLockResult.txt",
			);
			runOnlyForDeploymentPostprocessing = 0;
			shellPath = /bin/sh;
			shellScript = "diff \"${PODS_PODFILE_DIR_PATH}/Podfile.lock\" \"${PODS_ROOT}/Manifest.lock\" > /dev/null\nif [ $? != 0 ] ; then\n    # print error to STDERR\n    echo \"error: The sandbox is not in sync with the Podfile.lock. Run 'pod install' or update your CocoaPods installation.\" >&2\n    exit 1\nfi\n# This output is used by Xcode 'outputs' to avoid re-running this script phase.\necho \"SUCCESS\" > \"${SCRIPT_OUTPUT_FILE_0}\"\n";
			showEnvVarsInLog = 0;
		};
		74A7346BE0AF93E78F8AE0B8 /* [CP] Check Pods Manifest.lock */ = {
			isa = PBXShellScriptBuildPhase;
			buildActionMask = 2147483647;
			files = (
			);
			inputFileListPaths = (
			);
			inputPaths = (
				"${PODS_PODFILE_DIR_PATH}/Podfile.lock",
				"${PODS_ROOT}/Manifest.lock",
			);
			name = "[CP] Check Pods Manifest.lock";
			outputFileListPaths = (
			);
			outputPaths = (
				"$(DERIVED_FILE_DIR)/Pods-ECardTests-checkManifestLockResult.txt",
			);
			runOnlyForDeploymentPostprocessing = 0;
			shellPath = /bin/sh;
			shellScript = "diff \"${PODS_PODFILE_DIR_PATH}/Podfile.lock\" \"${PODS_ROOT}/Manifest.lock\" > /dev/null\nif [ $? != 0 ] ; then\n    # print error to STDERR\n    echo \"error: The sandbox is not in sync with the Podfile.lock. Run 'pod install' or update your CocoaPods installation.\" >&2\n    exit 1\nfi\n# This output is used by Xcode 'outputs' to avoid re-running this script phase.\necho \"SUCCESS\" > \"${SCRIPT_OUTPUT_FILE_0}\"\n";
			showEnvVarsInLog = 0;
		};
		EE47AFD37E5B7DE33D07893C /* [CP] Embed Pods Frameworks */ = {
			isa = PBXShellScriptBuildPhase;
			buildActionMask = 2147483647;
			files = (
			);
			inputFileListPaths = (
				"${PODS_ROOT}/Target Support Files/Pods-ECard/Pods-ECard-frameworks-${CONFIGURATION}-input-files.xcfilelist",
			);
			name = "[CP] Embed Pods Frameworks";
			outputFileListPaths = (
				"${PODS_ROOT}/Target Support Files/Pods-ECard/Pods-ECard-frameworks-${CONFIGURATION}-output-files.xcfilelist",
			);
			runOnlyForDeploymentPostprocessing = 0;
			shellPath = /bin/sh;
			shellScript = "\"${PODS_ROOT}/Target Support Files/Pods-ECard/Pods-ECard-frameworks.sh\"\n";
			showEnvVarsInLog = 0;
		};
		F0BE53B533888770A58472B1 /* [CP] Embed Pods Frameworks */ = {
			isa = PBXShellScriptBuildPhase;
			buildActionMask = 2147483647;
			files = (
			);
			inputFileListPaths = (
				"${PODS_ROOT}/Target Support Files/Pods-ECard-ECardUITests/Pods-ECard-ECardUITests-frameworks-${CONFIGURATION}-input-files.xcfilelist",
			);
			name = "[CP] Embed Pods Frameworks";
			outputFileListPaths = (
				"${PODS_ROOT}/Target Support Files/Pods-ECard-ECardUITests/Pods-ECard-ECardUITests-frameworks-${CONFIGURATION}-output-files.xcfilelist",
			);
			runOnlyForDeploymentPostprocessing = 0;
			shellPath = /bin/sh;
			shellScript = "\"${PODS_ROOT}/Target Support Files/Pods-ECard-ECardUITests/Pods-ECard-ECardUITests-frameworks.sh\"\n";
			showEnvVarsInLog = 0;
		};
/* End PBXShellScriptBuildPhase section */

/* Begin PBXSourcesBuildPhase section */
		FA33EC6C2502935C0056329B /* Sources */ = {
			isa = PBXSourcesBuildPhase;
			buildActionMask = 2147483647;
			files = (
				FA33ECAF250299DC0056329B /* ReachabilityManager.swift in Sources */,
				FA33ECA5250295FC0056329B /* LoginViewController.swift in Sources */,
				FA33ECAB250299A00056329B /* Environment.swift in Sources */,
				FABA43B025356CB900C74891 /* ScannerViewController.swift in Sources */,
				FA33ECAC250299A00056329B /* KeychainManager.swift in Sources */,
				FA33ECC5250325480056329B /* UIStoryboard+Extension.swift in Sources */,
				FA33ECC02502A0EA0056329B /* RegisterViewController.swift in Sources */,
				FAC63983253754320048DC3F /* PaymentConfirmViewController.swift in Sources */,
				FADD2C172538B0F0006E1A3F /* ViewController+Extension.swift in Sources */,
				FA33EC782502935C0056329B /* ViewController.swift in Sources */,
				FA33ECAA250299A00056329B /* UserDefault.swift in Sources */,
				FA33EC742502935C0056329B /* AppDelegate.swift in Sources */,
				FA33ECBD2502A0C60056329B /* PaymentApi.swift in Sources */,
				FAF1B0152534C07E00239300 /* Credentials.swift in Sources */,
				FAF1B01B2534CC8000239300 /* HistoryCellView.swift in Sources */,
				FAF1B0132534C04600239300 /* AppConstants.swift in Sources */,
				FAF1B0112534C01200239300 /* Tokens.swift in Sources */,
				FAF1B00F2534BFB900239300 /* ECardError.swift in Sources */,
				FAF1B01E2534CFE100239300 /* PaymentItem.swift in Sources */,
				FA33ECB0250299DC0056329B /* DataManager.swift in Sources */,
				FAF1B0182534CBD800239300 /* HistoryViewController.swift in Sources */,
				FA33EC762502935C0056329B /* SceneDelegate.swift in Sources */,
				FADD2C152538AEC3006E1A3F /* OrderStatus.swift in Sources */,
				FADD2C132538A9EF006E1A3F /* CreatedOrder.swift in Sources */,
			);
			runOnlyForDeploymentPostprocessing = 0;
		};
		FA33EC82250293600056329B /* Sources */ = {
			isa = PBXSourcesBuildPhase;
			buildActionMask = 2147483647;
			files = (
				FA33EC8B250293600056329B /* ECardTests.swift in Sources */,
			);
			runOnlyForDeploymentPostprocessing = 0;
		};
		FA33EC8D250293600056329B /* Sources */ = {
			isa = PBXSourcesBuildPhase;
			buildActionMask = 2147483647;
			files = (
				FA33EC96250293600056329B /* ECardUITests.swift in Sources */,
			);
			runOnlyForDeploymentPostprocessing = 0;
		};
/* End PBXSourcesBuildPhase section */

/* Begin PBXTargetDependency section */
		FA33EC88250293600056329B /* PBXTargetDependency */ = {
			isa = PBXTargetDependency;
			target = FA33EC6F2502935C0056329B /* ECard */;
			targetProxy = FA33EC87250293600056329B /* PBXContainerItemProxy */;
		};
		FA33EC93250293600056329B /* PBXTargetDependency */ = {
			isa = PBXTargetDependency;
			target = FA33EC6F2502935C0056329B /* ECard */;
			targetProxy = FA33EC92250293600056329B /* PBXContainerItemProxy */;
		};
/* End PBXTargetDependency section */

/* Begin PBXVariantGroup section */
		FA33EC792502935C0056329B /* Main.storyboard */ = {
			isa = PBXVariantGroup;
			children = (
				FA33EC7A2502935C0056329B /* Base */,
			);
			name = Main.storyboard;
			sourceTree = "<group>";
		};
		FA33EC7E2502935F0056329B /* LaunchScreen.storyboard */ = {
			isa = PBXVariantGroup;
			children = (
				FA33EC7F2502935F0056329B /* Base */,
			);
			name = LaunchScreen.storyboard;
			sourceTree = "<group>";
		};
/* End PBXVariantGroup section */

/* Begin XCBuildConfiguration section */
		FA33EC98250293600056329B /* Debug */ = {
			isa = XCBuildConfiguration;
			buildSettings = {
				ALWAYS_SEARCH_USER_PATHS = NO;
				CLANG_ANALYZER_NONNULL = YES;
				CLANG_ANALYZER_NUMBER_OBJECT_CONVERSION = YES_AGGRESSIVE;
				CLANG_CXX_LANGUAGE_STANDARD = "gnu++14";
				CLANG_CXX_LIBRARY = "libc++";
				CLANG_ENABLE_MODULES = YES;
				CLANG_ENABLE_OBJC_ARC = YES;
				CLANG_ENABLE_OBJC_WEAK = YES;
				CLANG_WARN_BLOCK_CAPTURE_AUTORELEASING = YES;
				CLANG_WARN_BOOL_CONVERSION = YES;
				CLANG_WARN_COMMA = YES;
				CLANG_WARN_CONSTANT_CONVERSION = YES;
				CLANG_WARN_DEPRECATED_OBJC_IMPLEMENTATIONS = YES;
				CLANG_WARN_DIRECT_OBJC_ISA_USAGE = YES_ERROR;
				CLANG_WARN_DOCUMENTATION_COMMENTS = YES;
				CLANG_WARN_EMPTY_BODY = YES;
				CLANG_WARN_ENUM_CONVERSION = YES;
				CLANG_WARN_INFINITE_RECURSION = YES;
				CLANG_WARN_INT_CONVERSION = YES;
				CLANG_WARN_NON_LITERAL_NULL_CONVERSION = YES;
				CLANG_WARN_OBJC_IMPLICIT_RETAIN_SELF = YES;
				CLANG_WARN_OBJC_LITERAL_CONVERSION = YES;
				CLANG_WARN_OBJC_ROOT_CLASS = YES_ERROR;
				CLANG_WARN_RANGE_LOOP_ANALYSIS = YES;
				CLANG_WARN_STRICT_PROTOTYPES = YES;
				CLANG_WARN_SUSPICIOUS_MOVE = YES;
				CLANG_WARN_UNGUARDED_AVAILABILITY = YES_AGGRESSIVE;
				CLANG_WARN_UNREACHABLE_CODE = YES;
				CLANG_WARN__DUPLICATE_METHOD_MATCH = YES;
				COPY_PHASE_STRIP = NO;
				DEBUG_INFORMATION_FORMAT = dwarf;
				ENABLE_STRICT_OBJC_MSGSEND = YES;
				ENABLE_TESTABILITY = YES;
				GCC_C_LANGUAGE_STANDARD = gnu11;
				GCC_DYNAMIC_NO_PIC = NO;
				GCC_NO_COMMON_BLOCKS = YES;
				GCC_OPTIMIZATION_LEVEL = 0;
				GCC_PREPROCESSOR_DEFINITIONS = (
					"DEBUG=1",
					"$(inherited)",
				);
				GCC_WARN_64_TO_32_BIT_CONVERSION = YES;
				GCC_WARN_ABOUT_RETURN_TYPE = YES_ERROR;
				GCC_WARN_UNDECLARED_SELECTOR = YES;
				GCC_WARN_UNINITIALIZED_AUTOS = YES_AGGRESSIVE;
				GCC_WARN_UNUSED_FUNCTION = YES;
				GCC_WARN_UNUSED_VARIABLE = YES;
				IPHONEOS_DEPLOYMENT_TARGET = 12.0;
				MTL_ENABLE_DEBUG_INFO = INCLUDE_SOURCE;
				MTL_FAST_MATH = YES;
				ONLY_ACTIVE_ARCH = YES;
				SDKROOT = iphoneos;
				SWIFT_ACTIVE_COMPILATION_CONDITIONS = DEBUG;
				SWIFT_OPTIMIZATION_LEVEL = "-Onone";
			};
			name = Debug;
		};
		FA33EC99250293600056329B /* Release */ = {
			isa = XCBuildConfiguration;
			buildSettings = {
				ALWAYS_SEARCH_USER_PATHS = NO;
				CLANG_ANALYZER_NONNULL = YES;
				CLANG_ANALYZER_NUMBER_OBJECT_CONVERSION = YES_AGGRESSIVE;
				CLANG_CXX_LANGUAGE_STANDARD = "gnu++14";
				CLANG_CXX_LIBRARY = "libc++";
				CLANG_ENABLE_MODULES = YES;
				CLANG_ENABLE_OBJC_ARC = YES;
				CLANG_ENABLE_OBJC_WEAK = YES;
				CLANG_WARN_BLOCK_CAPTURE_AUTORELEASING = YES;
				CLANG_WARN_BOOL_CONVERSION = YES;
				CLANG_WARN_COMMA = YES;
				CLANG_WARN_CONSTANT_CONVERSION = YES;
				CLANG_WARN_DEPRECATED_OBJC_IMPLEMENTATIONS = YES;
				CLANG_WARN_DIRECT_OBJC_ISA_USAGE = YES_ERROR;
				CLANG_WARN_DOCUMENTATION_COMMENTS = YES;
				CLANG_WARN_EMPTY_BODY = YES;
				CLANG_WARN_ENUM_CONVERSION = YES;
				CLANG_WARN_INFINITE_RECURSION = YES;
				CLANG_WARN_INT_CONVERSION = YES;
				CLANG_WARN_NON_LITERAL_NULL_CONVERSION = YES;
				CLANG_WARN_OBJC_IMPLICIT_RETAIN_SELF = YES;
				CLANG_WARN_OBJC_LITERAL_CONVERSION = YES;
				CLANG_WARN_OBJC_ROOT_CLASS = YES_ERROR;
				CLANG_WARN_RANGE_LOOP_ANALYSIS = YES;
				CLANG_WARN_STRICT_PROTOTYPES = YES;
				CLANG_WARN_SUSPICIOUS_MOVE = YES;
				CLANG_WARN_UNGUARDED_AVAILABILITY = YES_AGGRESSIVE;
				CLANG_WARN_UNREACHABLE_CODE = YES;
				CLANG_WARN__DUPLICATE_METHOD_MATCH = YES;
				COPY_PHASE_STRIP = NO;
				DEBUG_INFORMATION_FORMAT = "dwarf-with-dsym";
				ENABLE_NS_ASSERTIONS = NO;
				ENABLE_STRICT_OBJC_MSGSEND = YES;
				GCC_C_LANGUAGE_STANDARD = gnu11;
				GCC_NO_COMMON_BLOCKS = YES;
				GCC_WARN_64_TO_32_BIT_CONVERSION = YES;
				GCC_WARN_ABOUT_RETURN_TYPE = YES_ERROR;
				GCC_WARN_UNDECLARED_SELECTOR = YES;
				GCC_WARN_UNINITIALIZED_AUTOS = YES_AGGRESSIVE;
				GCC_WARN_UNUSED_FUNCTION = YES;
				GCC_WARN_UNUSED_VARIABLE = YES;
				IPHONEOS_DEPLOYMENT_TARGET = 12.0;
				MTL_ENABLE_DEBUG_INFO = NO;
				MTL_FAST_MATH = YES;
				SDKROOT = iphoneos;
				SWIFT_COMPILATION_MODE = wholemodule;
				SWIFT_OPTIMIZATION_LEVEL = "-O";
				VALIDATE_PRODUCT = YES;
			};
			name = Release;
		};
		FA33EC9B250293600056329B /* Debug */ = {
			isa = XCBuildConfiguration;
			baseConfigurationReference = 87FC2465E9F5F411ADA3024B /* Pods-ECard.debug.xcconfig */;
			buildSettings = {
				ASSETCATALOG_COMPILER_APPICON_NAME = AppIcon;
				CODE_SIGN_STYLE = Automatic;
				DEVELOPMENT_TEAM = E9V43M7RFT;
				INFOPLIST_FILE = ECard/Info.plist;
				LD_RUNPATH_SEARCH_PATHS = (
					"$(inherited)",
					"@executable_path/Frameworks",
				);
				PRODUCT_BUNDLE_IDENTIFIER = com.linhnguyen.app.ECard;
				PRODUCT_NAME = "$(TARGET_NAME)";
				SWIFT_VERSION = 5.0;
				TARGETED_DEVICE_FAMILY = "1,2";
			};
			name = Debug;
		};
		FA33EC9C250293600056329B /* Release */ = {
			isa = XCBuildConfiguration;
			baseConfigurationReference = A7C83E5D7220B2B3E699BAA0 /* Pods-ECard.release.xcconfig */;
			buildSettings = {
				ASSETCATALOG_COMPILER_APPICON_NAME = AppIcon;
				CODE_SIGN_STYLE = Automatic;
				DEVELOPMENT_TEAM = E9V43M7RFT;
				INFOPLIST_FILE = ECard/Info.plist;
				LD_RUNPATH_SEARCH_PATHS = (
					"$(inherited)",
					"@executable_path/Frameworks",
				);
				PRODUCT_BUNDLE_IDENTIFIER = com.linhnguyen.app.ECard;
				PRODUCT_NAME = "$(TARGET_NAME)";
				SWIFT_VERSION = 5.0;
				TARGETED_DEVICE_FAMILY = "1,2";
			};
			name = Release;
		};
		FA33EC9E250293600056329B /* Debug */ = {
			isa = XCBuildConfiguration;
			baseConfigurationReference = B9C80DB5CE63F995696B1205 /* Pods-ECardTests.debug.xcconfig */;
			buildSettings = {
				ALWAYS_EMBED_SWIFT_STANDARD_LIBRARIES = YES;
				BUNDLE_LOADER = "$(TEST_HOST)";
				CODE_SIGN_STYLE = Automatic;
				INFOPLIST_FILE = ECardTests/Info.plist;
				IPHONEOS_DEPLOYMENT_TARGET = 13.5;
				LD_RUNPATH_SEARCH_PATHS = (
					"$(inherited)",
					"@executable_path/Frameworks",
					"@loader_path/Frameworks",
				);
				PRODUCT_BUNDLE_IDENTIFIER = com.linhnguyen.app.ECardTests;
				PRODUCT_NAME = "$(TARGET_NAME)";
				SWIFT_VERSION = 5.0;
				TARGETED_DEVICE_FAMILY = "1,2";
				TEST_HOST = "$(BUILT_PRODUCTS_DIR)/ECard.app/ECard";
			};
			name = Debug;
		};
		FA33EC9F250293600056329B /* Release */ = {
			isa = XCBuildConfiguration;
			baseConfigurationReference = BE96AF2CEDFA04DBBEF72E7C /* Pods-ECardTests.release.xcconfig */;
			buildSettings = {
				ALWAYS_EMBED_SWIFT_STANDARD_LIBRARIES = YES;
				BUNDLE_LOADER = "$(TEST_HOST)";
				CODE_SIGN_STYLE = Automatic;
				INFOPLIST_FILE = ECardTests/Info.plist;
				IPHONEOS_DEPLOYMENT_TARGET = 13.5;
				LD_RUNPATH_SEARCH_PATHS = (
					"$(inherited)",
					"@executable_path/Frameworks",
					"@loader_path/Frameworks",
				);
				PRODUCT_BUNDLE_IDENTIFIER = com.linhnguyen.app.ECardTests;
				PRODUCT_NAME = "$(TARGET_NAME)";
				SWIFT_VERSION = 5.0;
				TARGETED_DEVICE_FAMILY = "1,2";
				TEST_HOST = "$(BUILT_PRODUCTS_DIR)/ECard.app/ECard";
			};
			name = Release;
		};
		FA33ECA1250293600056329B /* Debug */ = {
			isa = XCBuildConfiguration;
			baseConfigurationReference = B597DBD8718AF0AA29AE9663 /* Pods-ECard-ECardUITests.debug.xcconfig */;
			buildSettings = {
				ALWAYS_EMBED_SWIFT_STANDARD_LIBRARIES = YES;
				CODE_SIGN_STYLE = Automatic;
				INFOPLIST_FILE = ECardUITests/Info.plist;
				LD_RUNPATH_SEARCH_PATHS = (
					"$(inherited)",
					"@executable_path/Frameworks",
					"@loader_path/Frameworks",
				);
				PRODUCT_BUNDLE_IDENTIFIER = com.linhnguyen.app.ECardUITests;
				PRODUCT_NAME = "$(TARGET_NAME)";
				SWIFT_VERSION = 5.0;
				TARGETED_DEVICE_FAMILY = "1,2";
				TEST_TARGET_NAME = ECard;
			};
			name = Debug;
		};
		FA33ECA2250293600056329B /* Release */ = {
			isa = XCBuildConfiguration;
			baseConfigurationReference = 79CA025688ECFA9C7D006BB5 /* Pods-ECard-ECardUITests.release.xcconfig */;
			buildSettings = {
				ALWAYS_EMBED_SWIFT_STANDARD_LIBRARIES = YES;
				CODE_SIGN_STYLE = Automatic;
				INFOPLIST_FILE = ECardUITests/Info.plist;
				LD_RUNPATH_SEARCH_PATHS = (
					"$(inherited)",
					"@executable_path/Frameworks",
					"@loader_path/Frameworks",
				);
				PRODUCT_BUNDLE_IDENTIFIER = com.linhnguyen.app.ECardUITests;
				PRODUCT_NAME = "$(TARGET_NAME)";
				SWIFT_VERSION = 5.0;
				TARGETED_DEVICE_FAMILY = "1,2";
				TEST_TARGET_NAME = ECard;
			};
			name = Release;
		};
/* End XCBuildConfiguration section */

/* Begin XCConfigurationList section */
		FA33EC6B2502935C0056329B /* Build configuration list for PBXProject "ECard" */ = {
			isa = XCConfigurationList;
			buildConfigurations = (
				FA33EC98250293600056329B /* Debug */,
				FA33EC99250293600056329B /* Release */,
			);
			defaultConfigurationIsVisible = 0;
			defaultConfigurationName = Release;
		};
		FA33EC9A250293600056329B /* Build configuration list for PBXNativeTarget "ECard" */ = {
			isa = XCConfigurationList;
			buildConfigurations = (
				FA33EC9B250293600056329B /* Debug */,
				FA33EC9C250293600056329B /* Release */,
			);
			defaultConfigurationIsVisible = 0;
			defaultConfigurationName = Release;
		};
		FA33EC9D250293600056329B /* Build configuration list for PBXNativeTarget "ECardTests" */ = {
			isa = XCConfigurationList;
			buildConfigurations = (
				FA33EC9E250293600056329B /* Debug */,
				FA33EC9F250293600056329B /* Release */,
			);
			defaultConfigurationIsVisible = 0;
			defaultConfigurationName = Release;
		};
		FA33ECA0250293600056329B /* Build configuration list for PBXNativeTarget "ECardUITests" */ = {
			isa = XCConfigurationList;
			buildConfigurations = (
				FA33ECA1250293600056329B /* Debug */,
				FA33ECA2250293600056329B /* Release */,
			);
			defaultConfigurationIsVisible = 0;
			defaultConfigurationName = Release;
		};
/* End XCConfigurationList section */
	};
	rootObject = FA33EC682502935C0056329B /* Project object */;
}
